
Microsoft Visual Studio Solution File, Format Version 12.00
# Visual Studio Version 17
VisualStudioVersion = 17.7.34031.279
MinimumVisualStudioVersion = 10.0.40219.1
Project("{2150E333-8FDC-42A3-9474-1A3956D46DE8}") = "Task0", "Task0", "{8C820EAF-5DE6-4DAC-85E0-B379A82537C1}"
EndProject
Project("{FAE04EC0-301F-11D3-BF4B-00C04F79EFBC}") = "Tyuiu.SpirinAA.Sprint1.Task0.V6", "Tyuiu.SpirinAA.Sprint1.Task0.V0\Tyuiu.SpirinAA.Sprint1.Task0.V6.csproj", "{4CFE3533-D1B7-4517-B181-11D68B62987E}"
EndProject
Project("{FAE04EC0-301F-11D3-BF4B-00C04F79EFBC}") = "Tyuiu.SpirinAA.Sprint1.Task0.V6.Lib", "Tyuiu.SpirinAA.Sprint1.Task0.V0.Lib\Tyuiu.SpirinAA.Sprint1.Task0.V6.Lib.csproj", "{EC56AE79-E2E5-4E82-A1CE-58654593656B}"
EndProject
Project("{FAE04EC0-301F-11D3-BF4B-00C04F79EFBC}") = "Tyuiu.SpirinAA.Sprint1.Task0.V6.Test", "Tyuiu.SpirinAA.Sprint1.Task0.V0.Test\Tyuiu.SpirinAA.Sprint1.Task0.V6.Test.csproj", "{3BD14016-104F-44AE-B5C6-66478DC5098F}"
EndProject
Project("{2150E333-8FDC-42A3-9474-1A3956D46DE8}") = "Task1", "Task1", "{53533B2C-2B50-4C76-8D62-367149EF0181}"
EndProject
Project("{FAE04EC0-301F-11D3-BF4B-00C04F79EFBC}") = "Tyuiu.SpirinAA.Sprint1.Task1.V10", "Tyuiu.SpirinAA.Sprint1.Task1.V0\Tyuiu.SpirinAA.Sprint1.Task1.V10.csproj", "{B789C6EC-625F-459E-81B3-26E9D963003F}"
EndProject
Project("{FAE04EC0-301F-11D3-BF4B-00C04F79EFBC}") = "Tyuiu.SpirinAA.Sprint1.Task1.V10.Lib", "Tyuiu.SpirinAA.Sprint1.Task1.V0.Lib\Tyuiu.SpirinAA.Sprint1.Task1.V10.Lib.csproj", "{A9863350-4CEF-4C59-B029-3261DC45CBFF}"
EndProject
Project("{FAE04EC0-301F-11D3-BF4B-00C04F79EFBC}") = "Tyuiu.SpirinAA.Sprint1.Task1.V10.Test", "Tyuiu.SpirinAA.Sprint1.Task1.V0.Test\Tyuiu.SpirinAA.Sprint1.Task1.V10.Test.csproj", "{5B26EF2B-8088-43A7-B75B-1EAE869F86A4}"
EndProject
Project("{2150E333-8FDC-42A3-9474-1A3956D46DE8}") = "Task2", "Task2", "{4C2D5D49-EEAB-47A8-A717-F59CEAE062C5}"
EndProject
Project("{FAE04EC0-301F-11D3-BF4B-00C04F79EFBC}") = "Tyuiu.SpirinAA.Sprint1.Task2.V18", "Tyuiu.SpirinAA.Sprint1.Task2.V0\Tyuiu.SpirinAA.Sprint1.Task2.V18.csproj", "{A62EC2FD-62E9-447A-9B66-B3F1EEDE3715}"
EndProject
Project("{FAE04EC0-301F-11D3-BF4B-00C04F79EFBC}") = "Tyuiu.SpirinAA.Sprint1.Task2.V18.Lib", "Tyuiu.SpirinAA.Sprint1.Task2.V0.Lib\Tyuiu.SpirinAA.Sprint1.Task2.V18.Lib.csproj", "{811FDF51-AC4A-490F-B828-AF1EFD947446}"
EndProject
Project("{FAE04EC0-301F-11D3-BF4B-00C04F79EFBC}") = "Tyuiu.SpirinAA.Sprint1.Task2.V18.Test", "Tyuiu.SpirinAA.Sprint1.Task2.V0.Test\Tyuiu.SpirinAA.Sprint1.Task2.V18.Test.csproj", "{CF6EBF82-DA43-473B-9020-3B5EB5B9AA57}"
EndProject
Project("{2150E333-8FDC-42A3-9474-1A3956D46DE8}") = "Task3", "Task3", "{797B0410-CC75-44C0-A4C6-CA78FCB05076}"
EndProject
Project("{FAE04EC0-301F-11D3-BF4B-00C04F79EFBC}") = "Tyuiu.SpirinAA.Sprint1.Task3.V4", "Tyuiu.SpirinAA.Sprint1.Task3.V4\Tyuiu.SpirinAA.Sprint1.Task3.V4.csproj", "{0DA9FA24-DAFE-492E-B94A-4AFB3A17E040}"
EndProject
Project("{FAE04EC0-301F-11D3-BF4B-00C04F79EFBC}") = "Tyuiu.SpirinAA.Sprint1.Task3.V4.Lib", "Tyuiu.SpirinAA.Sprint1.Task3.V4.Lib\Tyuiu.SpirinAA.Sprint1.Task3.V4.Lib.csproj", "{7D689F81-BD5A-47EA-BC84-E6A1277AEE98}"
EndProject
Project("{FAE04EC0-301F-11D3-BF4B-00C04F79EFBC}") = "Tyuiu.SpirinAA.Sprint1.Task3.V4.Test", "Tyuiu.SpirinAA.Sprint1.Task3.V4.Test\Tyuiu.SpirinAA.Sprint1.Task3.V4.Test.csproj", "{5C4DCE97-4643-4D7B-9BE0-8FDEC0CA6C1E}"
EndProject
Project("{2150E333-8FDC-42A3-9474-1A3956D46DE8}") = "Task4", "Task4", "{912EF975-8288-4751-97D1-7D4D3F12D5C1}"
EndProject
Project("{FAE04EC0-301F-11D3-BF4B-00C04F79EFBC}") = "Tyuiu.SpirinAA.Sprint1.Task4.V17", "Tyuiu.SpirinAA.Sprint1.Task4.V0\Tyuiu.SpirinAA.Sprint1.Task4.V17.csproj", "{16F8E81A-3E2C-4427-AC82-119A956E5855}"
EndProject
Project("{FAE04EC0-301F-11D3-BF4B-00C04F79EFBC}") = "Tyuiu.SpirinAA.Sprint1.Task4.V17.Lib", "Tyuiu.SpirinAA.Sprint1.Task4.V0.Lib\Tyuiu.SpirinAA.Sprint1.Task4.V17.Lib.csproj", "{142DF061-2612-4D5B-8DED-419F906AE3B3}"
EndProject
Project("{FAE04EC0-301F-11D3-BF4B-00C04F79EFBC}") = "Tyuiu.SpirinAA.Sprint1.Task4.V17.Test", "Tyuiu.SpirinAA.Sprint1.Task4.V0.Test\Tyuiu.SpirinAA.Sprint1.Task4.V17.Test.csproj", "{02AE9DC3-7644-4417-A0CE-2D86AA83DF2E}"
EndProject
Project("{2150E333-8FDC-42A3-9474-1A3956D46DE8}") = "Task5", "Task5", "{5DB79402-8601-49DB-BF61-E0A10B630263}"
EndProject
Project("{FAE04EC0-301F-11D3-BF4B-00C04F79EFBC}") = "Tyuiu.SpirinAA.Sprint1.Task5.V2", "Tyuiu.SpirinAA.Sprint1.Task5.V2\Tyuiu.SpirinAA.Sprint1.Task5.V2.csproj", "{7BFBFBD4-011C-4D4E-B3B9-0BB51FC17A68}"
EndProject
Project("{FAE04EC0-301F-11D3-BF4B-00C04F79EFBC}") = "Tyuiu.SpirinAA.Sprint1.Task5.V2.Lib", "Tyuiu.SpirinAA.Sprint1.Task5.V2.Lib\Tyuiu.SpirinAA.Sprint1.Task5.V2.Lib.csproj", "{EFD0F2A1-297A-45D6-A3BA-54FD85AB767D}"
EndProject
Project("{FAE04EC0-301F-11D3-BF4B-00C04F79EFBC}") = "Tyuiu.SpirinAA.Sprint1.Task5.V2.Test", "Tyuiu.SpirinAA.Sprint1.Task5.V2.Test\Tyuiu.SpirinAA.Sprint1.Task5.V2.Test.csproj", "{9664AC9F-20FB-4D46-B060-90537E20E8ED}"
EndProject
Project("{2150E333-8FDC-42A3-9474-1A3956D46DE8}") = "Task6", "Task6", "{ADF7E0BC-2F18-4689-9761-9AD66103C8A4}"
EndProject
Project("{FAE04EC0-301F-11D3-BF4B-00C04F79EFBC}") = "Tyuiu.SpirinAA.Sprint1.Task6.V12", "Tyuiu.SpirinAA.Sprint1.Task6.V12\Tyuiu.SpirinAA.Sprint1.Task6.V12.csproj", "{541EFDB0-10C7-44AB-A6F4-17D3D8059034}"
EndProject
Project("{FAE04EC0-301F-11D3-BF4B-00C04F79EFBC}") = "Tyuiu.SpirinAA.Sprint1.Task6.V12.Lib", "Tyuiu.SpirinAA.Sprint1.Task6.V12.Lib\Tyuiu.SpirinAA.Sprint1.Task6.V12.Lib.csproj", "{7BFDF5A2-8EBB-49C0-9895-3016D30A2E6E}"
EndProject
Project("{FAE04EC0-301F-11D3-BF4B-00C04F79EFBC}") = "Tyuiu.SpirinAA.Sprint1.Task6.V12.Test", "Tyuiu.SpirinAA.Sprint1.Task6.V12.Test\Tyuiu.SpirinAA.Sprint1.Task6.V12.Test.csproj", "{3196E02C-68BF-4E03-9CB7-7ECCFF55B241}"
EndProject
Project("{2150E333-8FDC-42A3-9474-1A3956D46DE8}") = "Task7", "Task7", "{3A655EA5-3051-4426-8992-E03CC5F51E96}"
EndProject
Project("{FAE04EC0-301F-11D3-BF4B-00C04F79EFBC}") = "Tyuiu.SpirinAA.Sprint1.Task7.V7", "Tyuiu.SpirinAA.Sprint1.Task7.V7\Tyuiu.SpirinAA.Sprint1.Task7.V7.csproj", "{D62BE6B3-A875-4E3E-81E2-EDBE3319A0F6}"
EndProject
Project("{FAE04EC0-301F-11D3-BF4B-00C04F79EFBC}") = "Tyuiu.SpirinAA.Sprint1.Task7.V7.Lib", "Tyuiu.SpirinAA.Sprint1.Task7.V7.Lib\Tyuiu.SpirinAA.Sprint1.Task7.V7.Lib.csproj", "{4B661E79-BF09-4797-A7D2-D9A75467C3F4}"
EndProject
Project("{FAE04EC0-301F-11D3-BF4B-00C04F79EFBC}") = "Tyuiu.SpirinAA.Sprint1.Task7.V7.Test", "Tyuiu.SpirinAA.Sprint1.Task7.V7.Test\Tyuiu.SpirinAA.Sprint1.Task7.V7.Test.csproj", "{9D41A52C-9F53-437E-8308-4D9D2D9B8BC8}"
EndProject
Global
	GlobalSection(SolutionConfigurationPlatforms) = preSolution
		Debug|Any CPU = Debug|Any CPU
		Release|Any CPU = Release|Any CPU
	EndGlobalSection
	GlobalSection(ProjectConfigurationPlatforms) = postSolution
		{4CFE3533-D1B7-4517-B181-11D68B62987E}.Debug|Any CPU.ActiveCfg = Debug|Any CPU
		{4CFE3533-D1B7-4517-B181-11D68B62987E}.Debug|Any CPU.Build.0 = Debug|Any CPU
		{4CFE3533-D1B7-4517-B181-11D68B62987E}.Release|Any CPU.ActiveCfg = Release|Any CPU
		{4CFE3533-D1B7-4517-B181-11D68B62987E}.Release|Any CPU.Build.0 = Release|Any CPU
		{EC56AE79-E2E5-4E82-A1CE-58654593656B}.Debug|Any CPU.ActiveCfg = Debug|Any CPU
		{EC56AE79-E2E5-4E82-A1CE-58654593656B}.Debug|Any CPU.Build.0 = Debug|Any CPU
		{EC56AE79-E2E5-4E82-A1CE-58654593656B}.Release|Any CPU.ActiveCfg = Release|Any CPU
		{EC56AE79-E2E5-4E82-A1CE-58654593656B}.Release|Any CPU.Build.0 = Release|Any CPU
		{3BD14016-104F-44AE-B5C6-66478DC5098F}.Debug|Any CPU.ActiveCfg = Debug|Any CPU
		{3BD14016-104F-44AE-B5C6-66478DC5098F}.Debug|Any CPU.Build.0 = Debug|Any CPU
		{3BD14016-104F-44AE-B5C6-66478DC5098F}.Release|Any CPU.ActiveCfg = Release|Any CPU
		{3BD14016-104F-44AE-B5C6-66478DC5098F}.Release|Any CPU.Build.0 = Release|Any CPU
		{B789C6EC-625F-459E-81B3-26E9D963003F}.Debug|Any CPU.ActiveCfg = Debug|Any CPU
		{B789C6EC-625F-459E-81B3-26E9D963003F}.Debug|Any CPU.Build.0 = Debug|Any CPU
		{B789C6EC-625F-459E-81B3-26E9D963003F}.Release|Any CPU.ActiveCfg = Release|Any CPU
		{B789C6EC-625F-459E-81B3-26E9D963003F}.Release|Any CPU.Build.0 = Release|Any CPU
		{A9863350-4CEF-4C59-B029-3261DC45CBFF}.Debug|Any CPU.ActiveCfg = Debug|Any CPU
		{A9863350-4CEF-4C59-B029-3261DC45CBFF}.Debug|Any CPU.Build.0 = Debug|Any CPU
		{A9863350-4CEF-4C59-B029-3261DC45CBFF}.Release|Any CPU.ActiveCfg = Release|Any CPU
		{A9863350-4CEF-4C59-B029-3261DC45CBFF}.Release|Any CPU.Build.0 = Release|Any CPU
		{5B26EF2B-8088-43A7-B75B-1EAE869F86A4}.Debug|Any CPU.ActiveCfg = Debug|Any CPU
		{5B26EF2B-8088-43A7-B75B-1EAE869F86A4}.Debug|Any CPU.Build.0 = Debug|Any CPU
		{5B26EF2B-8088-43A7-B75B-1EAE869F86A4}.Release|Any CPU.ActiveCfg = Release|Any CPU
		{5B26EF2B-8088-43A7-B75B-1EAE869F86A4}.Release|Any CPU.Build.0 = Release|Any CPU
		{A62EC2FD-62E9-447A-9B66-B3F1EEDE3715}.Debug|Any CPU.ActiveCfg = Debug|Any CPU
		{A62EC2FD-62E9-447A-9B66-B3F1EEDE3715}.Debug|Any CPU.Build.0 = Debug|Any CPU
		{A62EC2FD-62E9-447A-9B66-B3F1EEDE3715}.Release|Any CPU.ActiveCfg = Release|Any CPU
		{A62EC2FD-62E9-447A-9B66-B3F1EEDE3715}.Release|Any CPU.Build.0 = Release|Any CPU
		{811FDF51-AC4A-490F-B828-AF1EFD947446}.Debug|Any CPU.ActiveCfg = Debug|Any CPU
		{811FDF51-AC4A-490F-B828-AF1EFD947446}.Debug|Any CPU.Build.0 = Debug|Any CPU
		{811FDF51-AC4A-490F-B828-AF1EFD947446}.Release|Any CPU.ActiveCfg = Release|Any CPU
		{811FDF51-AC4A-490F-B828-AF1EFD947446}.Release|Any CPU.Build.0 = Release|Any CPU
		{CF6EBF82-DA43-473B-9020-3B5EB5B9AA57}.Debug|Any CPU.ActiveCfg = Debug|Any CPU
		{CF6EBF82-DA43-473B-9020-3B5EB5B9AA57}.Debug|Any CPU.Build.0 = Debug|Any CPU
		{CF6EBF82-DA43-473B-9020-3B5EB5B9AA57}.Release|Any CPU.ActiveCfg = Release|Any CPU
		{CF6EBF82-DA43-473B-9020-3B5EB5B9AA57}.Release|Any CPU.Build.0 = Release|Any CPU
		{0DA9FA24-DAFE-492E-B94A-4AFB3A17E040}.Debug|Any CPU.ActiveCfg = Debug|Any CPU
		{0DA9FA24-DAFE-492E-B94A-4AFB3A17E040}.Debug|Any CPU.Build.0 = Debug|Any CPU
		{0DA9FA24-DAFE-492E-B94A-4AFB3A17E040}.Release|Any CPU.ActiveCfg = Release|Any CPU
		{0DA9FA24-DAFE-492E-B94A-4AFB3A17E040}.Release|Any CPU.Build.0 = Release|Any CPU
		{7D689F81-BD5A-47EA-BC84-E6A1277AEE98}.Debug|Any CPU.ActiveCfg = Debug|Any CPU
		{7D689F81-BD5A-47EA-BC84-E6A1277AEE98}.Debug|Any CPU.Build.0 = Debug|Any CPU
		{7D689F81-BD5A-47EA-BC84-E6A1277AEE98}.Release|Any CPU.ActiveCfg = Release|Any CPU
		{7D689F81-BD5A-47EA-BC84-E6A1277AEE98}.Release|Any CPU.Build.0 = Release|Any CPU
		{5C4DCE97-4643-4D7B-9BE0-8FDEC0CA6C1E}.Debug|Any CPU.ActiveCfg = Debug|Any CPU
		{5C4DCE97-4643-4D7B-9BE0-8FDEC0CA6C1E}.Debug|Any CPU.Build.0 = Debug|Any CPU
		{5C4DCE97-4643-4D7B-9BE0-8FDEC0CA6C1E}.Release|Any CPU.ActiveCfg = Release|Any CPU
		{5C4DCE97-4643-4D7B-9BE0-8FDEC0CA6C1E}.Release|Any CPU.Build.0 = Release|Any CPU
		{16F8E81A-3E2C-4427-AC82-119A956E5855}.Debug|Any CPU.ActiveCfg = Debug|Any CPU
		{16F8E81A-3E2C-4427-AC82-119A956E5855}.Debug|Any CPU.Build.0 = Debug|Any CPU
		{16F8E81A-3E2C-4427-AC82-119A956E5855}.Release|Any CPU.ActiveCfg = Release|Any CPU
		{16F8E81A-3E2C-4427-AC82-119A956E5855}.Release|Any CPU.Build.0 = Release|Any CPU
		{142DF061-2612-4D5B-8DED-419F906AE3B3}.Debug|Any CPU.ActiveCfg = Debug|Any CPU
		{142DF061-2612-4D5B-8DED-419F906AE3B3}.Debug|Any CPU.Build.0 = Debug|Any CPU
		{142DF061-2612-4D5B-8DED-419F906AE3B3}.Release|Any CPU.ActiveCfg = Release|Any CPU
		{142DF061-2612-4D5B-8DED-419F906AE3B3}.Release|Any CPU.Build.0 = Release|Any CPU
		{02AE9DC3-7644-4417-A0CE-2D86AA83DF2E}.Debug|Any CPU.ActiveCfg = Debug|Any CPU
		{02AE9DC3-7644-4417-A0CE-2D86AA83DF2E}.Debug|Any CPU.Build.0 = Debug|Any CPU
		{02AE9DC3-7644-4417-A0CE-2D86AA83DF2E}.Release|Any CPU.ActiveCfg = Release|Any CPU
		{02AE9DC3-7644-4417-A0CE-2D86AA83DF2E}.Release|Any CPU.Build.0 = Release|Any CPU
		{7BFBFBD4-011C-4D4E-B3B9-0BB51FC17A68}.Debug|Any CPU.ActiveCfg = Debug|Any CPU
		{7BFBFBD4-011C-4D4E-B3B9-0BB51FC17A68}.Debug|Any CPU.Build.0 = Debug|Any CPU
		{7BFBFBD4-011C-4D4E-B3B9-0BB51FC17A68}.Release|Any CPU.ActiveCfg = Release|Any CPU
		{7BFBFBD4-011C-4D4E-B3B9-0BB51FC17A68}.Release|Any CPU.Build.0 = Release|Any CPU
		{EFD0F2A1-297A-45D6-A3BA-54FD85AB767D}.Debug|Any CPU.ActiveCfg = Debug|Any CPU
		{EFD0F2A1-297A-45D6-A3BA-54FD85AB767D}.Debug|Any CPU.Build.0 = Debug|Any CPU
		{EFD0F2A1-297A-45D6-A3BA-54FD85AB767D}.Release|Any CPU.ActiveCfg = Release|Any CPU
		{EFD0F2A1-297A-45D6-A3BA-54FD85AB767D}.Release|Any CPU.Build.0 = Release|Any CPU
		{9664AC9F-20FB-4D46-B060-90537E20E8ED}.Debug|Any CPU.ActiveCfg = Debug|Any CPU
		{9664AC9F-20FB-4D46-B060-90537E20E8ED}.Debug|Any CPU.Build.0 = Debug|Any CPU
		{9664AC9F-20FB-4D46-B060-90537E20E8ED}.Release|Any CPU.ActiveCfg = Release|Any CPU
		{9664AC9F-20FB-4D46-B060-90537E20E8ED}.Release|Any CPU.Build.0 = Release|Any CPU
		{541EFDB0-10C7-44AB-A6F4-17D3D8059034}.Debug|Any CPU.ActiveCfg = Debug|Any CPU
		{541EFDB0-10C7-44AB-A6F4-17D3D8059034}.Debug|Any CPU.Build.0 = Debug|Any CPU
		{541EFDB0-10C7-44AB-A6F4-17D3D8059034}.Release|Any CPU.ActiveCfg = Release|Any CPU
		{541EFDB0-10C7-44AB-A6F4-17D3D8059034}.Release|Any CPU.Build.0 = Release|Any CPU
		{7BFDF5A2-8EBB-49C0-9895-3016D30A2E6E}.Debug|Any CPU.ActiveCfg = Debug|Any CPU
		{7BFDF5A2-8EBB-49C0-9895-3016D30A2E6E}.Debug|Any CPU.Build.0 = Debug|Any CPU
		{7BFDF5A2-8EBB-49C0-9895-3016D30A2E6E}.Release|Any CPU.ActiveCfg = Release|Any CPU
		{7BFDF5A2-8EBB-49C0-9895-3016D30A2E6E}.Release|Any CPU.Build.0 = Release|Any CPU
		{3196E02C-68BF-4E03-9CB7-7ECCFF55B241}.Debug|Any CPU.ActiveCfg = Debug|Any CPU
		{3196E02C-68BF-4E03-9CB7-7ECCFF55B241}.Debug|Any CPU.Build.0 = Debug|Any CPU
		{3196E02C-68BF-4E03-9CB7-7ECCFF55B241}.Release|Any CPU.ActiveCfg = Release|Any CPU
		{3196E02C-68BF-4E03-9CB7-7ECCFF55B241}.Release|Any CPU.Build.0 = Release|Any CPU
		{D62BE6B3-A875-4E3E-81E2-EDBE3319A0F6}.Debug|Any CPU.ActiveCfg = Debug|Any CPU
		{D62BE6B3-A875-4E3E-81E2-EDBE3319A0F6}.Debug|Any CPU.Build.0 = Debug|Any CPU
		{D62BE6B3-A875-4E3E-81E2-EDBE3319A0F6}.Release|Any CPU.ActiveCfg = Release|Any CPU
		{D62BE6B3-A875-4E3E-81E2-EDBE3319A0F6}.Release|Any CPU.Build.0 = Release|Any CPU
		{4B661E79-BF09-4797-A7D2-D9A75467C3F4}.Debug|Any CPU.ActiveCfg = Debug|Any CPU
		{4B661E79-BF09-4797-A7D2-D9A75467C3F4}.Debug|Any CPU.Build.0 = Debug|Any CPU
		{4B661E79-BF09-4797-A7D2-D9A75467C3F4}.Release|Any CPU.ActiveCfg = Release|Any CPU
		{4B661E79-BF09-4797-A7D2-D9A75467C3F4}.Release|Any CPU.Build.0 = Release|Any CPU
		{9D41A52C-9F53-437E-8308-4D9D2D9B8BC8}.Debug|Any CPU.ActiveCfg = Debug|Any CPU
		{9D41A52C-9F53-437E-8308-4D9D2D9B8BC8}.Debug|Any CPU.Build.0 = Debug|Any CPU
		{9D41A52C-9F53-437E-8308-4D9D2D9B8BC8}.Release|Any CPU.ActiveCfg = Release|Any CPU
		{9D41A52C-9F53-437E-8308-4D9D2D9B8BC8}.Release|Any CPU.Build.0 = Release|Any CPU
	EndGlobalSection
	GlobalSection(SolutionProperties) = preSolution
		HideSolutionNode = FALSE
	EndGlobalSection
	GlobalSection(NestedProjects) = preSolution
		{4CFE3533-D1B7-4517-B181-11D68B62987E} = {8C820EAF-5DE6-4DAC-85E0-B379A82537C1}
		{EC56AE79-E2E5-4E82-A1CE-58654593656B} = {8C820EAF-5DE6-4DAC-85E0-B379A82537C1}
		{3BD14016-104F-44AE-B5C6-66478DC5098F} = {8C820EAF-5DE6-4DAC-85E0-B379A82537C1}
		{B789C6EC-625F-459E-81B3-26E9D963003F} = {53533B2C-2B50-4C76-8D62-367149EF0181}
		{A9863350-4CEF-4C59-B029-3261DC45CBFF} = {53533B2C-2B50-4C76-8D62-367149EF0181}
		{5B26EF2B-8088-43A7-B75B-1EAE869F86A4} = {53533B2C-2B50-4C76-8D62-367149EF0181}
		{A62EC2FD-62E9-447A-9B66-B3F1EEDE3715} = {4C2D5D49-EEAB-47A8-A717-F59CEAE062C5}
		{811FDF51-AC4A-490F-B828-AF1EFD947446} = {4C2D5D49-EEAB-47A8-A717-F59CEAE062C5}
		{CF6EBF82-DA43-473B-9020-3B5EB5B9AA57} = {4C2D5D49-EEAB-47A8-A717-F59CEAE062C5}
		{0DA9FA24-DAFE-492E-B94A-4AFB3A17E040} = {797B0410-CC75-44C0-A4C6-CA78FCB05076}
		{7D689F81-BD5A-47EA-BC84-E6A1277AEE98} = {797B0410-CC75-44C0-A4C6-CA78FCB05076}
		{5C4DCE97-4643-4D7B-9BE0-8FDEC0CA6C1E} = {797B0410-CC75-44C0-A4C6-CA78FCB05076}
		{16F8E81A-3E2C-4427-AC82-119A956E5855} = {912EF975-8288-4751-97D1-7D4D3F12D5C1}
		{142DF061-2612-4D5B-8DED-419F906AE3B3} = {912EF975-8288-4751-97D1-7D4D3F12D5C1}
		{02AE9DC3-7644-4417-A0CE-2D86AA83DF2E} = {912EF975-8288-4751-97D1-7D4D3F12D5C1}
		{7BFBFBD4-011C-4D4E-B3B9-0BB51FC17A68} = {5DB79402-8601-49DB-BF61-E0A10B630263}
		{EFD0F2A1-297A-45D6-A3BA-54FD85AB767D} = {5DB79402-8601-49DB-BF61-E0A10B630263}
		{9664AC9F-20FB-4D46-B060-90537E20E8ED} = {5DB79402-8601-49DB-BF61-E0A10B630263}
		{541EFDB0-10C7-44AB-A6F4-17D3D8059034} = {ADF7E0BC-2F18-4689-9761-9AD66103C8A4}
		{7BFDF5A2-8EBB-49C0-9895-3016D30A2E6E} = {ADF7E0BC-2F18-4689-9761-9AD66103C8A4}
		{3196E02C-68BF-4E03-9CB7-7ECCFF55B241} = {ADF7E0BC-2F18-4689-9761-9AD66103C8A4}
		{D62BE6B3-A875-4E3E-81E2-EDBE3319A0F6} = {3A655EA5-3051-4426-8992-E03CC5F51E96}
		{4B661E79-BF09-4797-A7D2-D9A75467C3F4} = {3A655EA5-3051-4426-8992-E03CC5F51E96}
		{9D41A52C-9F53-437E-8308-4D9D2D9B8BC8} = {3A655EA5-3051-4426-8992-E03CC5F51E96}
	EndGlobalSection
	GlobalSection(ExtensibilityGlobals) = postSolution
		SolutionGuid = {31C73ABC-9C00-4A5B-AC2A-4D0C6FDDCEB3}
	EndGlobalSection
EndGlobal
