
Microsoft Visual Studio Solution File, Format Version 12.00
# Visual Studio Version 17
VisualStudioVersion = 17.7.34031.279
MinimumVisualStudioVersion = 10.0.40219.1
Project("{2150E333-8FDC-42A3-9474-1A3956D46DE8}") = "Task0", "Task0", "{8C820EAF-5DE6-4DAC-85E0-B379A82537C1}"
EndProject
Project("{FAE04EC0-301F-11D3-BF4B-00C04F79EFBC}") = "Tyuiu.SpirinAA.Sprint1.Task0.V6", "Tyuiu.SpirinAA.Sprint1.Task0.V0\Tyuiu.SpirinAA.Sprint1.Task0.V6.csproj", "{4CFE3533-D1B7-4517-B181-11D68B62987E}"
EndProject
Project("{FAE04EC0-301F-11D3-BF4B-00C04F79EFBC}") = "Tyuiu.SpirinAA.Sprint1.Task0.V6.Lib", "Tyuiu.SpirinAA.Sprint1.Task0.V0.Lib\Tyuiu.SpirinAA.Sprint1.Task0.V6.Lib.csproj", "{EC56AE79-E2E5-4E82-A1CE-58654593656B}"
EndProject
Project("{FAE04EC0-301F-11D3-BF4B-00C04F79EFBC}") = "Tyuiu.SpirinAA.Sprint1.Task0.V6.Test", "Tyuiu.SpirinAA.Sprint1.Task0.V0.Test\Tyuiu.SpirinAA.Sprint1.Task0.V6.Test.csproj", "{3BD14016-104F-44AE-B5C6-66478DC5098F}"
EndProject
Project("{2150E333-8FDC-42A3-9474-1A3956D46DE8}") = "Task1", "Task1", "{53533B2C-2B50-4C76-8D62-367149EF0181}"
EndProject
Project("{FAE04EC0-301F-11D3-BF4B-00C04F79EFBC}") = "Tyuiu.SpirinAA.Sprint1.Task1.V10", "Tyuiu.SpirinAA.Sprint1.Task1.V0\Tyuiu.SpirinAA.Sprint1.Task1.V10.csproj", "{B789C6EC-625F-459E-81B3-26E9D963003F}"
EndProject
Project("{FAE04EC0-301F-11D3-BF4B-00C04F79EFBC}") = "Tyuiu.SpirinAA.Sprint1.Task1.V10.Lib", "Tyuiu.SpirinAA.Sprint1.Task1.V0.Lib\Tyuiu.SpirinAA.Sprint1.Task1.V10.Lib.csproj", "{A9863350-4CEF-4C59-B029-3261DC45CBFF}"
EndProject
Project("{FAE04EC0-301F-11D3-BF4B-00C04F79EFBC}") = "Tyuiu.SpirinAA.Sprint1.Task1.V10.Test", "Tyuiu.SpirinAA.Sprint1.Task1.V0.Test\Tyuiu.SpirinAA.Sprint1.Task1.V10.Test.csproj", "{5B26EF2B-8088-43A7-B75B-1EAE869F86A4}"
EndProject
Project("{2150E333-8FDC-42A3-9474-1A3956D46DE8}") = "Task2", "Task2", "{4C2D5D49-EEAB-47A8-A717-F59CEAE062C5}"
EndProject
Project("{FAE04EC0-301F-11D3-BF4B-00C04F79EFBC}") = "Tyuiu.SpirinAA.Sprint1.Task2.V18", "Tyuiu.SpirinAA.Sprint1.Task2.V0\Tyuiu.SpirinAA.Sprint1.Task2.V18.csproj", "{A62EC2FD-62E9-447A-9B66-B3F1EEDE3715}"
EndProject
Project("{FAE04EC0-301F-11D3-BF4B-00C04F79EFBC}") = "Tyuiu.SpirinAA.Sprint1.Task2.V18.Lib", "Tyuiu.SpirinAA.Sprint1.Task2.V0.Lib\Tyuiu.SpirinAA.Sprint1.Task2.V18.Lib.csproj", "{811FDF51-AC4A-490F-B828-AF1EFD947446}"
EndProject
Project("{FAE04EC0-301F-11D3-BF4B-00C04F79EFBC}") = "Tyuiu.SpirinAA.Sprint1.Task2.V18.Test", "Tyuiu.SpirinAA.Sprint1.Task2.V0.Test\Tyuiu.SpirinAA.Sprint1.Task2.V18.Test.csproj", "{CF6EBF82-DA43-473B-9020-3B5EB5B9AA57}"
EndProject
Global
	GlobalSection(SolutionConfigurationPlatforms) = preSolution
		Debug|Any CPU = Debug|Any CPU
		Release|Any CPU = Release|Any CPU
	EndGlobalSection
	GlobalSection(ProjectConfigurationPlatforms) = postSolution
		{4CFE3533-D1B7-4517-B181-11D68B62987E}.Debug|Any CPU.ActiveCfg = Debug|Any CPU
		{4CFE3533-D1B7-4517-B181-11D68B62987E}.Debug|Any CPU.Build.0 = Debug|Any CPU
		{4CFE3533-D1B7-4517-B181-11D68B62987E}.Release|Any CPU.ActiveCfg = Release|Any CPU
		{4CFE3533-D1B7-4517-B181-11D68B62987E}.Release|Any CPU.Build.0 = Release|Any CPU
		{EC56AE79-E2E5-4E82-A1CE-58654593656B}.Debug|Any CPU.ActiveCfg = Debug|Any CPU
		{EC56AE79-E2E5-4E82-A1CE-58654593656B}.Debug|Any CPU.Build.0 = Debug|Any CPU
		{EC56AE79-E2E5-4E82-A1CE-58654593656B}.Release|Any CPU.ActiveCfg = Release|Any CPU
		{EC56AE79-E2E5-4E82-A1CE-58654593656B}.Release|Any CPU.Build.0 = Release|Any CPU
		{3BD14016-104F-44AE-B5C6-66478DC5098F}.Debug|Any CPU.ActiveCfg = Debug|Any CPU
		{3BD14016-104F-44AE-B5C6-66478DC5098F}.Debug|Any CPU.Build.0 = Debug|Any CPU
		{3BD14016-104F-44AE-B5C6-66478DC5098F}.Release|Any CPU.ActiveCfg = Release|Any CPU
		{3BD14016-104F-44AE-B5C6-66478DC5098F}.Release|Any CPU.Build.0 = Release|Any CPU
		{B789C6EC-625F-459E-81B3-26E9D963003F}.Debug|Any CPU.ActiveCfg = Debug|Any CPU
		{B789C6EC-625F-459E-81B3-26E9D963003F}.Debug|Any CPU.Build.0 = Debug|Any CPU
		{B789C6EC-625F-459E-81B3-26E9D963003F}.Release|Any CPU.ActiveCfg = Release|Any CPU
		{B789C6EC-625F-459E-81B3-26E9D963003F}.Release|Any CPU.Build.0 = Release|Any CPU
		{A9863350-4CEF-4C59-B029-3261DC45CBFF}.Debug|Any CPU.ActiveCfg = Debug|Any CPU
		{A9863350-4CEF-4C59-B029-3261DC45CBFF}.Debug|Any CPU.Build.0 = Debug|Any CPU
		{A9863350-4CEF-4C59-B029-3261DC45CBFF}.Release|Any CPU.ActiveCfg = Release|Any CPU
		{A9863350-4CEF-4C59-B029-3261DC45CBFF}.Release|Any CPU.Build.0 = Release|Any CPU
		{5B26EF2B-8088-43A7-B75B-1EAE869F86A4}.Debug|Any CPU.ActiveCfg = Debug|Any CPU
		{5B26EF2B-8088-43A7-B75B-1EAE869F86A4}.Debug|Any CPU.Build.0 = Debug|Any CPU
		{5B26EF2B-8088-43A7-B75B-1EAE869F86A4}.Release|Any CPU.ActiveCfg = Release|Any CPU
		{5B26EF2B-8088-43A7-B75B-1EAE869F86A4}.Release|Any CPU.Build.0 = Release|Any CPU
		{A62EC2FD-62E9-447A-9B66-B3F1EEDE3715}.Debug|Any CPU.ActiveCfg = Debug|Any CPU
		{A62EC2FD-62E9-447A-9B66-B3F1EEDE3715}.Debug|Any CPU.Build.0 = Debug|Any CPU
		{A62EC2FD-62E9-447A-9B66-B3F1EEDE3715}.Release|Any CPU.ActiveCfg = Release|Any CPU
		{A62EC2FD-62E9-447A-9B66-B3F1EEDE3715}.Release|Any CPU.Build.0 = Release|Any CPU
		{811FDF51-AC4A-490F-B828-AF1EFD947446}.Debug|Any CPU.ActiveCfg = Debug|Any CPU
		{811FDF51-AC4A-490F-B828-AF1EFD947446}.Debug|Any CPU.Build.0 = Debug|Any CPU
		{811FDF51-AC4A-490F-B828-AF1EFD947446}.Release|Any CPU.ActiveCfg = Release|Any CPU
		{811FDF51-AC4A-490F-B828-AF1EFD947446}.Release|Any CPU.Build.0 = Release|Any CPU
		{CF6EBF82-DA43-473B-9020-3B5EB5B9AA57}.Debug|Any CPU.ActiveCfg = Debug|Any CPU
		{CF6EBF82-DA43-473B-9020-3B5EB5B9AA57}.Debug|Any CPU.Build.0 = Debug|Any CPU
		{CF6EBF82-DA43-473B-9020-3B5EB5B9AA57}.Release|Any CPU.ActiveCfg = Release|Any CPU
		{CF6EBF82-DA43-473B-9020-3B5EB5B9AA57}.Release|Any CPU.Build.0 = Release|Any CPU
	EndGlobalSection
	GlobalSection(SolutionProperties) = preSolution
		HideSolutionNode = FALSE
	EndGlobalSection
	GlobalSection(NestedProjects) = preSolution
		{4CFE3533-D1B7-4517-B181-11D68B62987E} = {8C820EAF-5DE6-4DAC-85E0-B379A82537C1}
		{EC56AE79-E2E5-4E82-A1CE-58654593656B} = {8C820EAF-5DE6-4DAC-85E0-B379A82537C1}
		{3BD14016-104F-44AE-B5C6-66478DC5098F} = {8C820EAF-5DE6-4DAC-85E0-B379A82537C1}
		{B789C6EC-625F-459E-81B3-26E9D963003F} = {53533B2C-2B50-4C76-8D62-367149EF0181}
		{A9863350-4CEF-4C59-B029-3261DC45CBFF} = {53533B2C-2B50-4C76-8D62-367149EF0181}
		{5B26EF2B-8088-43A7-B75B-1EAE869F86A4} = {53533B2C-2B50-4C76-8D62-367149EF0181}
		{A62EC2FD-62E9-447A-9B66-B3F1EEDE3715} = {4C2D5D49-EEAB-47A8-A717-F59CEAE062C5}
		{811FDF51-AC4A-490F-B828-AF1EFD947446} = {4C2D5D49-EEAB-47A8-A717-F59CEAE062C5}
		{CF6EBF82-DA43-473B-9020-3B5EB5B9AA57} = {4C2D5D49-EEAB-47A8-A717-F59CEAE062C5}
	EndGlobalSection
	GlobalSection(ExtensibilityGlobals) = postSolution
		SolutionGuid = {31C73ABC-9C00-4A5B-AC2A-4D0C6FDDCEB3}
	EndGlobalSection
EndGlobal
